
Microsoft Visual Studio Solution File, Format Version 12.00
# Visual Studio 14
VisualStudioVersion = 14.0.25420.1
MinimumVisualStudioVersion = 10.0.40219.1
Project("{FAE04EC0-301F-11D3-BF4B-00C04F79EFBC}") = "Aplicacion", "Kiosco\Aplicacion.csproj", "{9C0EF7A8-EA40-49E2-8E67-8AD1B968FCF7}"
EndProject
Project("{FAE04EC0-301F-11D3-BF4B-00C04F79EFBC}") = "Data", "Data\Data.csproj", "{D8BC7F9E-71DF-42D0-AF89-F7381432DCD0}"
EndProject
Project("{FAE04EC0-301F-11D3-BF4B-00C04F79EFBC}") = "Model", "Modelos\Model.csproj", "{04064249-D5AD-48BA-ABA5-52768724CD94}"
EndProject
Project("{FAE04EC0-301F-11D3-BF4B-00C04F79EFBC}") = "Controlador", "Controladores\Controlador.csproj", "{F7A39FC4-6F89-42B8-96BF-31D23075F08A}"
EndProject
Project("{FAE04EC0-301F-11D3-BF4B-00C04F79EFBC}") = "Test", "Test\Test.csproj", "{EC8FCF00-30F4-44F8-95B8-EC09DA4A8AD7}"
EndProject
Project("{FAE04EC0-301F-11D3-BF4B-00C04F79EFBC}") = "Web", "Web\Web.csproj", "{160933C4-3F34-41AE-9F50-767848281D51}"
EndProject
Project("{FAE04EC0-301F-11D3-BF4B-00C04F79EFBC}") = "Web.Tests", "Web.Tests\Web.Tests.csproj", "{FCDE1A86-A1B7-4DE5-9509-28D13FD500ED}"
EndProject
Global
	GlobalSection(SolutionConfigurationPlatforms) = preSolution
		Debug|Any CPU = Debug|Any CPU
		Debug|ARM = Debug|ARM
		Debug|ARM64 = Debug|ARM64
		Debug|x64 = Debug|x64
		Debug|x86 = Debug|x86
		Release|Any CPU = Release|Any CPU
		Release|ARM = Release|ARM
		Release|ARM64 = Release|ARM64
		Release|x64 = Release|x64
		Release|x86 = Release|x86
	EndGlobalSection
	GlobalSection(ProjectConfigurationPlatforms) = postSolution
		{9C0EF7A8-EA40-49E2-8E67-8AD1B968FCF7}.Debug|Any CPU.ActiveCfg = Debug|Any CPU
		{9C0EF7A8-EA40-49E2-8E67-8AD1B968FCF7}.Debug|Any CPU.Build.0 = Debug|Any CPU
		{9C0EF7A8-EA40-49E2-8E67-8AD1B968FCF7}.Debug|ARM.ActiveCfg = Debug|Any CPU
		{9C0EF7A8-EA40-49E2-8E67-8AD1B968FCF7}.Debug|ARM.Build.0 = Debug|Any CPU
		{9C0EF7A8-EA40-49E2-8E67-8AD1B968FCF7}.Debug|ARM64.ActiveCfg = Debug|Any CPU
		{9C0EF7A8-EA40-49E2-8E67-8AD1B968FCF7}.Debug|ARM64.Build.0 = Debug|Any CPU
		{9C0EF7A8-EA40-49E2-8E67-8AD1B968FCF7}.Debug|x64.ActiveCfg = Debug|Any CPU
		{9C0EF7A8-EA40-49E2-8E67-8AD1B968FCF7}.Debug|x64.Build.0 = Debug|Any CPU
		{9C0EF7A8-EA40-49E2-8E67-8AD1B968FCF7}.Debug|x86.ActiveCfg = Debug|Any CPU
		{9C0EF7A8-EA40-49E2-8E67-8AD1B968FCF7}.Debug|x86.Build.0 = Debug|Any CPU
		{9C0EF7A8-EA40-49E2-8E67-8AD1B968FCF7}.Release|Any CPU.ActiveCfg = Release|Any CPU
		{9C0EF7A8-EA40-49E2-8E67-8AD1B968FCF7}.Release|Any CPU.Build.0 = Release|Any CPU
		{9C0EF7A8-EA40-49E2-8E67-8AD1B968FCF7}.Release|ARM.ActiveCfg = Release|Any CPU
		{9C0EF7A8-EA40-49E2-8E67-8AD1B968FCF7}.Release|ARM.Build.0 = Release|Any CPU
		{9C0EF7A8-EA40-49E2-8E67-8AD1B968FCF7}.Release|ARM64.ActiveCfg = Release|Any CPU
		{9C0EF7A8-EA40-49E2-8E67-8AD1B968FCF7}.Release|ARM64.Build.0 = Release|Any CPU
		{9C0EF7A8-EA40-49E2-8E67-8AD1B968FCF7}.Release|x64.ActiveCfg = Release|Any CPU
		{9C0EF7A8-EA40-49E2-8E67-8AD1B968FCF7}.Release|x64.Build.0 = Release|Any CPU
		{9C0EF7A8-EA40-49E2-8E67-8AD1B968FCF7}.Release|x86.ActiveCfg = Release|Any CPU
		{9C0EF7A8-EA40-49E2-8E67-8AD1B968FCF7}.Release|x86.Build.0 = Release|Any CPU
		{D8BC7F9E-71DF-42D0-AF89-F7381432DCD0}.Debug|Any CPU.ActiveCfg = Debug|Any CPU
		{D8BC7F9E-71DF-42D0-AF89-F7381432DCD0}.Debug|Any CPU.Build.0 = Debug|Any CPU
		{D8BC7F9E-71DF-42D0-AF89-F7381432DCD0}.Debug|ARM.ActiveCfg = Debug|Any CPU
		{D8BC7F9E-71DF-42D0-AF89-F7381432DCD0}.Debug|ARM.Build.0 = Debug|Any CPU
		{D8BC7F9E-71DF-42D0-AF89-F7381432DCD0}.Debug|ARM64.ActiveCfg = Debug|Any CPU
		{D8BC7F9E-71DF-42D0-AF89-F7381432DCD0}.Debug|ARM64.Build.0 = Debug|Any CPU
		{D8BC7F9E-71DF-42D0-AF89-F7381432DCD0}.Debug|x64.ActiveCfg = Debug|Any CPU
		{D8BC7F9E-71DF-42D0-AF89-F7381432DCD0}.Debug|x64.Build.0 = Debug|Any CPU
		{D8BC7F9E-71DF-42D0-AF89-F7381432DCD0}.Debug|x86.ActiveCfg = Debug|Any CPU
		{D8BC7F9E-71DF-42D0-AF89-F7381432DCD0}.Debug|x86.Build.0 = Debug|Any CPU
		{D8BC7F9E-71DF-42D0-AF89-F7381432DCD0}.Release|Any CPU.ActiveCfg = Release|Any CPU
		{D8BC7F9E-71DF-42D0-AF89-F7381432DCD0}.Release|Any CPU.Build.0 = Release|Any CPU
		{D8BC7F9E-71DF-42D0-AF89-F7381432DCD0}.Release|ARM.ActiveCfg = Release|Any CPU
		{D8BC7F9E-71DF-42D0-AF89-F7381432DCD0}.Release|ARM.Build.0 = Release|Any CPU
		{D8BC7F9E-71DF-42D0-AF89-F7381432DCD0}.Release|ARM64.ActiveCfg = Release|Any CPU
		{D8BC7F9E-71DF-42D0-AF89-F7381432DCD0}.Release|ARM64.Build.0 = Release|Any CPU
		{D8BC7F9E-71DF-42D0-AF89-F7381432DCD0}.Release|x64.ActiveCfg = Release|Any CPU
		{D8BC7F9E-71DF-42D0-AF89-F7381432DCD0}.Release|x64.Build.0 = Release|Any CPU
		{D8BC7F9E-71DF-42D0-AF89-F7381432DCD0}.Release|x86.ActiveCfg = Release|Any CPU
		{D8BC7F9E-71DF-42D0-AF89-F7381432DCD0}.Release|x86.Build.0 = Release|Any CPU
		{04064249-D5AD-48BA-ABA5-52768724CD94}.Debug|Any CPU.ActiveCfg = Debug|Any CPU
		{04064249-D5AD-48BA-ABA5-52768724CD94}.Debug|Any CPU.Build.0 = Debug|Any CPU
		{04064249-D5AD-48BA-ABA5-52768724CD94}.Debug|ARM.ActiveCfg = Debug|Any CPU
		{04064249-D5AD-48BA-ABA5-52768724CD94}.Debug|ARM.Build.0 = Debug|Any CPU
		{04064249-D5AD-48BA-ABA5-52768724CD94}.Debug|ARM64.ActiveCfg = Debug|Any CPU
		{04064249-D5AD-48BA-ABA5-52768724CD94}.Debug|ARM64.Build.0 = Debug|Any CPU
		{04064249-D5AD-48BA-ABA5-52768724CD94}.Debug|x64.ActiveCfg = Debug|Any CPU
		{04064249-D5AD-48BA-ABA5-52768724CD94}.Debug|x64.Build.0 = Debug|Any CPU
		{04064249-D5AD-48BA-ABA5-52768724CD94}.Debug|x86.ActiveCfg = Debug|Any CPU
		{04064249-D5AD-48BA-ABA5-52768724CD94}.Debug|x86.Build.0 = Debug|Any CPU
		{04064249-D5AD-48BA-ABA5-52768724CD94}.Release|Any CPU.ActiveCfg = Release|Any CPU
		{04064249-D5AD-48BA-ABA5-52768724CD94}.Release|Any CPU.Build.0 = Release|Any CPU
		{04064249-D5AD-48BA-ABA5-52768724CD94}.Release|ARM.ActiveCfg = Release|Any CPU
		{04064249-D5AD-48BA-ABA5-52768724CD94}.Release|ARM.Build.0 = Release|Any CPU
		{04064249-D5AD-48BA-ABA5-52768724CD94}.Release|ARM64.ActiveCfg = Release|Any CPU
		{04064249-D5AD-48BA-ABA5-52768724CD94}.Release|ARM64.Build.0 = Release|Any CPU
		{04064249-D5AD-48BA-ABA5-52768724CD94}.Release|x64.ActiveCfg = Release|Any CPU
		{04064249-D5AD-48BA-ABA5-52768724CD94}.Release|x64.Build.0 = Release|Any CPU
		{04064249-D5AD-48BA-ABA5-52768724CD94}.Release|x86.ActiveCfg = Release|Any CPU
		{04064249-D5AD-48BA-ABA5-52768724CD94}.Release|x86.Build.0 = Release|Any CPU
		{F7A39FC4-6F89-42B8-96BF-31D23075F08A}.Debug|Any CPU.ActiveCfg = Debug|Any CPU
		{F7A39FC4-6F89-42B8-96BF-31D23075F08A}.Debug|Any CPU.Build.0 = Debug|Any CPU
		{F7A39FC4-6F89-42B8-96BF-31D23075F08A}.Debug|ARM.ActiveCfg = Debug|Any CPU
		{F7A39FC4-6F89-42B8-96BF-31D23075F08A}.Debug|ARM.Build.0 = Debug|Any CPU
		{F7A39FC4-6F89-42B8-96BF-31D23075F08A}.Debug|ARM64.ActiveCfg = Debug|Any CPU
		{F7A39FC4-6F89-42B8-96BF-31D23075F08A}.Debug|ARM64.Build.0 = Debug|Any CPU
		{F7A39FC4-6F89-42B8-96BF-31D23075F08A}.Debug|x64.ActiveCfg = Debug|Any CPU
		{F7A39FC4-6F89-42B8-96BF-31D23075F08A}.Debug|x64.Build.0 = Debug|Any CPU
		{F7A39FC4-6F89-42B8-96BF-31D23075F08A}.Debug|x86.ActiveCfg = Debug|Any CPU
		{F7A39FC4-6F89-42B8-96BF-31D23075F08A}.Debug|x86.Build.0 = Debug|Any CPU
		{F7A39FC4-6F89-42B8-96BF-31D23075F08A}.Release|Any CPU.ActiveCfg = Release|Any CPU
		{F7A39FC4-6F89-42B8-96BF-31D23075F08A}.Release|Any CPU.Build.0 = Release|Any CPU
		{F7A39FC4-6F89-42B8-96BF-31D23075F08A}.Release|ARM.ActiveCfg = Release|Any CPU
		{F7A39FC4-6F89-42B8-96BF-31D23075F08A}.Release|ARM.Build.0 = Release|Any CPU
		{F7A39FC4-6F89-42B8-96BF-31D23075F08A}.Release|ARM64.ActiveCfg = Release|Any CPU
		{F7A39FC4-6F89-42B8-96BF-31D23075F08A}.Release|ARM64.Build.0 = Release|Any CPU
		{F7A39FC4-6F89-42B8-96BF-31D23075F08A}.Release|x64.ActiveCfg = Release|Any CPU
		{F7A39FC4-6F89-42B8-96BF-31D23075F08A}.Release|x64.Build.0 = Release|Any CPU
		{F7A39FC4-6F89-42B8-96BF-31D23075F08A}.Release|x86.ActiveCfg = Release|Any CPU
		{F7A39FC4-6F89-42B8-96BF-31D23075F08A}.Release|x86.Build.0 = Release|Any CPU
		{EC8FCF00-30F4-44F8-95B8-EC09DA4A8AD7}.Debug|Any CPU.ActiveCfg = Debug|Any CPU
		{EC8FCF00-30F4-44F8-95B8-EC09DA4A8AD7}.Debug|Any CPU.Build.0 = Debug|Any CPU
		{EC8FCF00-30F4-44F8-95B8-EC09DA4A8AD7}.Debug|ARM.ActiveCfg = Debug|Any CPU
		{EC8FCF00-30F4-44F8-95B8-EC09DA4A8AD7}.Debug|ARM.Build.0 = Debug|Any CPU
		{EC8FCF00-30F4-44F8-95B8-EC09DA4A8AD7}.Debug|ARM64.ActiveCfg = Debug|Any CPU
		{EC8FCF00-30F4-44F8-95B8-EC09DA4A8AD7}.Debug|ARM64.Build.0 = Debug|Any CPU
		{EC8FCF00-30F4-44F8-95B8-EC09DA4A8AD7}.Debug|x64.ActiveCfg = Debug|Any CPU
		{EC8FCF00-30F4-44F8-95B8-EC09DA4A8AD7}.Debug|x64.Build.0 = Debug|Any CPU
		{EC8FCF00-30F4-44F8-95B8-EC09DA4A8AD7}.Debug|x86.ActiveCfg = Debug|Any CPU
		{EC8FCF00-30F4-44F8-95B8-EC09DA4A8AD7}.Debug|x86.Build.0 = Debug|Any CPU
		{EC8FCF00-30F4-44F8-95B8-EC09DA4A8AD7}.Release|Any CPU.ActiveCfg = Release|Any CPU
		{EC8FCF00-30F4-44F8-95B8-EC09DA4A8AD7}.Release|Any CPU.Build.0 = Release|Any CPU
		{EC8FCF00-30F4-44F8-95B8-EC09DA4A8AD7}.Release|ARM.ActiveCfg = Release|Any CPU
		{EC8FCF00-30F4-44F8-95B8-EC09DA4A8AD7}.Release|ARM.Build.0 = Release|Any CPU
		{EC8FCF00-30F4-44F8-95B8-EC09DA4A8AD7}.Release|ARM64.ActiveCfg = Release|Any CPU
		{EC8FCF00-30F4-44F8-95B8-EC09DA4A8AD7}.Release|ARM64.Build.0 = Release|Any CPU
		{EC8FCF00-30F4-44F8-95B8-EC09DA4A8AD7}.Release|x64.ActiveCfg = Release|Any CPU
		{EC8FCF00-30F4-44F8-95B8-EC09DA4A8AD7}.Release|x64.Build.0 = Release|Any CPU
		{EC8FCF00-30F4-44F8-95B8-EC09DA4A8AD7}.Release|x86.ActiveCfg = Release|Any CPU
		{EC8FCF00-30F4-44F8-95B8-EC09DA4A8AD7}.Release|x86.Build.0 = Release|Any CPU
		{160933C4-3F34-41AE-9F50-767848281D51}.Debug|Any CPU.ActiveCfg = Debug|Any CPU
		{160933C4-3F34-41AE-9F50-767848281D51}.Debug|Any CPU.Build.0 = Debug|Any CPU
		{160933C4-3F34-41AE-9F50-767848281D51}.Debug|ARM.ActiveCfg = Debug|Any CPU
		{160933C4-3F34-41AE-9F50-767848281D51}.Debug|ARM.Build.0 = Debug|Any CPU
		{160933C4-3F34-41AE-9F50-767848281D51}.Debug|ARM64.ActiveCfg = Debug|Any CPU
		{160933C4-3F34-41AE-9F50-767848281D51}.Debug|ARM64.Build.0 = Debug|Any CPU
		{160933C4-3F34-41AE-9F50-767848281D51}.Debug|x64.ActiveCfg = Debug|Any CPU
		{160933C4-3F34-41AE-9F50-767848281D51}.Debug|x64.Build.0 = Debug|Any CPU
		{160933C4-3F34-41AE-9F50-767848281D51}.Debug|x86.ActiveCfg = Debug|Any CPU
		{160933C4-3F34-41AE-9F50-767848281D51}.Debug|x86.Build.0 = Debug|Any CPU
		{160933C4-3F34-41AE-9F50-767848281D51}.Release|Any CPU.ActiveCfg = Release|Any CPU
		{160933C4-3F34-41AE-9F50-767848281D51}.Release|Any CPU.Build.0 = Release|Any CPU
		{160933C4-3F34-41AE-9F50-767848281D51}.Release|ARM.ActiveCfg = Release|Any CPU
		{160933C4-3F34-41AE-9F50-767848281D51}.Release|ARM.Build.0 = Release|Any CPU
		{160933C4-3F34-41AE-9F50-767848281D51}.Release|ARM64.ActiveCfg = Release|Any CPU
		{160933C4-3F34-41AE-9F50-767848281D51}.Release|ARM64.Build.0 = Release|Any CPU
		{160933C4-3F34-41AE-9F50-767848281D51}.Release|x64.ActiveCfg = Release|Any CPU
		{160933C4-3F34-41AE-9F50-767848281D51}.Release|x64.Build.0 = Release|Any CPU
		{160933C4-3F34-41AE-9F50-767848281D51}.Release|x86.ActiveCfg = Release|Any CPU
		{160933C4-3F34-41AE-9F50-767848281D51}.Release|x86.Build.0 = Release|Any CPU
		{FCDE1A86-A1B7-4DE5-9509-28D13FD500ED}.Debug|Any CPU.ActiveCfg = Debug|Any CPU
		{FCDE1A86-A1B7-4DE5-9509-28D13FD500ED}.Debug|Any CPU.Build.0 = Debug|Any CPU
		{FCDE1A86-A1B7-4DE5-9509-28D13FD500ED}.Debug|ARM.ActiveCfg = Debug|Any CPU
		{FCDE1A86-A1B7-4DE5-9509-28D13FD500ED}.Debug|ARM.Build.0 = Debug|Any CPU
		{FCDE1A86-A1B7-4DE5-9509-28D13FD500ED}.Debug|ARM64.ActiveCfg = Debug|Any CPU
		{FCDE1A86-A1B7-4DE5-9509-28D13FD500ED}.Debug|ARM64.Build.0 = Debug|Any CPU
		{FCDE1A86-A1B7-4DE5-9509-28D13FD500ED}.Debug|x64.ActiveCfg = Debug|Any CPU
		{FCDE1A86-A1B7-4DE5-9509-28D13FD500ED}.Debug|x64.Build.0 = Debug|Any CPU
		{FCDE1A86-A1B7-4DE5-9509-28D13FD500ED}.Debug|x86.ActiveCfg = Debug|Any CPU
		{FCDE1A86-A1B7-4DE5-9509-28D13FD500ED}.Debug|x86.Build.0 = Debug|Any CPU
		{FCDE1A86-A1B7-4DE5-9509-28D13FD500ED}.Release|Any CPU.ActiveCfg = Release|Any CPU
		{FCDE1A86-A1B7-4DE5-9509-28D13FD500ED}.Release|Any CPU.Build.0 = Release|Any CPU
		{FCDE1A86-A1B7-4DE5-9509-28D13FD500ED}.Release|ARM.ActiveCfg = Release|Any CPU
		{FCDE1A86-A1B7-4DE5-9509-28D13FD500ED}.Release|ARM.Build.0 = Release|Any CPU
		{FCDE1A86-A1B7-4DE5-9509-28D13FD500ED}.Release|ARM64.ActiveCfg = Release|Any CPU
		{FCDE1A86-A1B7-4DE5-9509-28D13FD500ED}.Release|ARM64.Build.0 = Release|Any CPU
		{FCDE1A86-A1B7-4DE5-9509-28D13FD500ED}.Release|x64.ActiveCfg = Release|Any CPU
		{FCDE1A86-A1B7-4DE5-9509-28D13FD500ED}.Release|x64.Build.0 = Release|Any CPU
		{FCDE1A86-A1B7-4DE5-9509-28D13FD500ED}.Release|x86.ActiveCfg = Release|Any CPU
		{FCDE1A86-A1B7-4DE5-9509-28D13FD500ED}.Release|x86.Build.0 = Release|Any CPU
	EndGlobalSection
	GlobalSection(SolutionProperties) = preSolution
		HideSolutionNode = FALSE
	EndGlobalSection
EndGlobal
